{
  "nodes": {
    "nixpkgs": {
      "locked": {
        "lastModified": 1710066242,
        "narHash": "sha256-bO7kahLdawW7rBqUTfWgf9mdPYrnOo5DGvWRJa9N8Do=",
        "owner": "NixOS",
        "ref": "nixos-21.05",
        "repo": "nixpkgs",
        "type": "github"
      },
      "original": {
        "id": "nixpkgs",
        "ref": "nixos-21.05",
        "type": "indirect"
      }
    },
    "root": {
      "inputs": {
        "nixpkgs": "nixpkgs"
      }
    }
  },
  "root": "root",
  "version": 7
}
